
Microsoft Visual Studio Solution File, Format Version 12.00
# Visual Studio Version 17
VisualStudioVersion = 17.8.34511.84
MinimumVisualStudioVersion = 10.0.40219.1
Project("{FAE04EC0-301F-11D3-BF4B-00C04F79EFBC}") = "productsAPI", "productsAPI\productsAPI.csproj", "{19AAB783-FBCE-478F-A1BA-A7E7EA58853B}"
EndProject
Global
	GlobalSection(SolutionConfigurationPlatforms) = preSolution
		Debug|Any CPU = Debug|Any CPU
		Release|Any CPU = Release|Any CPU
	EndGlobalSection
	GlobalSection(ProjectConfigurationPlatforms) = postSolution
		{19AAB783-FBCE-478F-A1BA-A7E7EA58853B}.Debug|Any CPU.ActiveCfg = Debug|Any CPU
		{19AAB783-FBCE-478F-A1BA-A7E7EA58853B}.Debug|Any CPU.Build.0 = Debug|Any CPU
		{19AAB783-FBCE-478F-A1BA-A7E7EA58853B}.Release|Any CPU.ActiveCfg = Release|Any CPU
		{19AAB783-FBCE-478F-A1BA-A7E7EA58853B}.Release|Any CPU.Build.0 = Release|Any CPU
	EndGlobalSection
	GlobalSection(SolutionProperties) = preSolution
		HideSolutionNode = FALSE
	EndGlobalSection
	GlobalSection(ExtensibilityGlobals) = postSolution
		SolutionGuid = {D2BC6F3C-EE45-4E90-9E9E-DEDC7F6F8838}
	EndGlobalSection
EndGlobal
