
Microsoft Visual Studio Solution File, Format Version 12.00
# Visual Studio Version 17
VisualStudioVersion = 17.8.34511.84
MinimumVisualStudioVersion = 10.0.40219.1
Project("{FAE04EC0-301F-11D3-BF4B-00C04F79EFBC}") = "LINQ_Demo", "LINQ_Demo\LINQ_Demo.csproj", "{D5DB6FC0-3338-4C72-9EC9-794909B0FA8B}"
EndProject
Global
	GlobalSection(SolutionConfigurationPlatforms) = preSolution
		Debug|Any CPU = Debug|Any CPU
		Release|Any CPU = Release|Any CPU
	EndGlobalSection
	GlobalSection(ProjectConfigurationPlatforms) = postSolution
		{D5DB6FC0-3338-4C72-9EC9-794909B0FA8B}.Debug|Any CPU.ActiveCfg = Debug|Any CPU
		{D5DB6FC0-3338-4C72-9EC9-794909B0FA8B}.Debug|Any CPU.Build.0 = Debug|Any CPU
		{D5DB6FC0-3338-4C72-9EC9-794909B0FA8B}.Release|Any CPU.ActiveCfg = Release|Any CPU
		{D5DB6FC0-3338-4C72-9EC9-794909B0FA8B}.Release|Any CPU.Build.0 = Release|Any CPU
	EndGlobalSection
	GlobalSection(SolutionProperties) = preSolution
		HideSolutionNode = FALSE
	EndGlobalSection
	GlobalSection(ExtensibilityGlobals) = postSolution
		SolutionGuid = {8FC3B0AA-AA4B-460E-9818-2C0660DDE5F3}
	EndGlobalSection
EndGlobal
