
Microsoft Visual Studio Solution File, Format Version 12.00
# Visual Studio Version 17
VisualStudioVersion = 17.8.34511.84
MinimumVisualStudioVersion = 10.0.40219.1
Project("{FAE04EC0-301F-11D3-BF4B-00C04F79EFBC}") = "OOPS_BankingSolution", "OOPS_BankingSolution\OOPS_BankingSolution.csproj", "{CFAB9151-6983-412D-8149-505673B1DC36}"
EndProject
Global
	GlobalSection(SolutionConfigurationPlatforms) = preSolution
		Debug|Any CPU = Debug|Any CPU
		Release|Any CPU = Release|Any CPU
	EndGlobalSection
	GlobalSection(ProjectConfigurationPlatforms) = postSolution
		{CFAB9151-6983-412D-8149-505673B1DC36}.Debug|Any CPU.ActiveCfg = Debug|Any CPU
		{CFAB9151-6983-412D-8149-505673B1DC36}.Debug|Any CPU.Build.0 = Debug|Any CPU
		{CFAB9151-6983-412D-8149-505673B1DC36}.Release|Any CPU.ActiveCfg = Release|Any CPU
		{CFAB9151-6983-412D-8149-505673B1DC36}.Release|Any CPU.Build.0 = Release|Any CPU
	EndGlobalSection
	GlobalSection(SolutionProperties) = preSolution
		HideSolutionNode = FALSE
	EndGlobalSection
	GlobalSection(ExtensibilityGlobals) = postSolution
		SolutionGuid = {F2558888-CFF9-434F-8302-2AF3A931BD5F}
	EndGlobalSection
EndGlobal
